
Microsoft Visual Studio Solution File, Format Version 12.00
# Visual Studio Version 17
VisualStudioVersion = 17.13.35825.156 d17.13
MinimumVisualStudioVersion = 10.0.40219.1
Project("{FAE04EC0-301F-11D3-BF4B-00C04F79EFBC}") = "CadastroDeClientes", "CadastroDeClientes.csproj", "{419E1B57-379C-4719-8047-13323EAA5AE4}"
EndProject
Global
	GlobalSection(SolutionConfigurationPlatforms) = preSolution
		Debug|Any CPU = Debug|Any CPU
		Release|Any CPU = Release|Any CPU
	EndGlobalSection
	GlobalSection(ProjectConfigurationPlatforms) = postSolution
		{419E1B57-379C-4719-8047-13323EAA5AE4}.Debug|Any CPU.ActiveCfg = Debug|Any CPU
		{419E1B57-379C-4719-8047-13323EAA5AE4}.Debug|Any CPU.Build.0 = Debug|Any CPU
		{419E1B57-379C-4719-8047-13323EAA5AE4}.Release|Any CPU.ActiveCfg = Release|Any CPU
		{419E1B57-379C-4719-8047-13323EAA5AE4}.Release|Any CPU.Build.0 = Release|Any CPU
	EndGlobalSection
	GlobalSection(SolutionProperties) = preSolution
		HideSolutionNode = FALSE
	EndGlobalSection
	GlobalSection(ExtensibilityGlobals) = postSolution
		SolutionGuid = {4A6919EA-5902-4323-A963-38D576F595C4}
	EndGlobalSection
EndGlobal
